
Microsoft Visual Studio Solution File, Format Version 12.00
# Visual Studio Version 16
VisualStudioVersion = 16.0.29613.14
MinimumVisualStudioVersion = 10.0.40219.1
Project("{FAE04EC0-301F-11D3-BF4B-00C04F79EFBC}") = "Backoffice.Api", "Backoffice.Api\Backoffice.Api.csproj", "{EEF1FE6A-197B-45B1-89F3-6097496C07C9}"
EndProject
Project("{FAE04EC0-301F-11D3-BF4B-00C04F79EFBC}") = "Backoffice.Domain", "Backoffice.Domain\Backoffice.Domain.csproj", "{EFCED667-F189-478E-B41D-6AC8DB63B4C5}"
EndProject
Project("{FAE04EC0-301F-11D3-BF4B-00C04F79EFBC}") = "Backoffice.Infra", "Backoffice.Infra\Backoffice.Infra.csproj", "{6001937E-6C81-4B49-9E79-95452CCA4891}"
EndProject
Global
	GlobalSection(SolutionConfigurationPlatforms) = preSolution
		Debug|Any CPU = Debug|Any CPU
		Release|Any CPU = Release|Any CPU
	EndGlobalSection
	GlobalSection(ProjectConfigurationPlatforms) = postSolution
		{EEF1FE6A-197B-45B1-89F3-6097496C07C9}.Debug|Any CPU.ActiveCfg = Debug|Any CPU
		{EEF1FE6A-197B-45B1-89F3-6097496C07C9}.Debug|Any CPU.Build.0 = Debug|Any CPU
		{EEF1FE6A-197B-45B1-89F3-6097496C07C9}.Release|Any CPU.ActiveCfg = Release|Any CPU
		{EEF1FE6A-197B-45B1-89F3-6097496C07C9}.Release|Any CPU.Build.0 = Release|Any CPU
		{EFCED667-F189-478E-B41D-6AC8DB63B4C5}.Debug|Any CPU.ActiveCfg = Debug|Any CPU
		{EFCED667-F189-478E-B41D-6AC8DB63B4C5}.Debug|Any CPU.Build.0 = Debug|Any CPU
		{EFCED667-F189-478E-B41D-6AC8DB63B4C5}.Release|Any CPU.ActiveCfg = Release|Any CPU
		{EFCED667-F189-478E-B41D-6AC8DB63B4C5}.Release|Any CPU.Build.0 = Release|Any CPU
		{6001937E-6C81-4B49-9E79-95452CCA4891}.Debug|Any CPU.ActiveCfg = Debug|Any CPU
		{6001937E-6C81-4B49-9E79-95452CCA4891}.Debug|Any CPU.Build.0 = Debug|Any CPU
		{6001937E-6C81-4B49-9E79-95452CCA4891}.Release|Any CPU.ActiveCfg = Release|Any CPU
		{6001937E-6C81-4B49-9E79-95452CCA4891}.Release|Any CPU.Build.0 = Release|Any CPU
	EndGlobalSection
	GlobalSection(SolutionProperties) = preSolution
		HideSolutionNode = FALSE
	EndGlobalSection
	GlobalSection(ExtensibilityGlobals) = postSolution
		SolutionGuid = {306E4807-77D4-443A-BE96-A62BDC081FE4}
	EndGlobalSection
EndGlobal
